<?xml version="1.0" encoding="utf-8"?>
<Project ToolsVersion="4.0" xmlns="http://schemas.microsoft.com/developer/msbuild/2003">
  <ItemGroup>
    <Filter Include="Source Files">
      <UniqueIdentifier>{4FC737F1-C7A5-4376-A066-2A32D752A2FF}</UniqueIdentifier>
      <Extensions>cpp;c;cc;cxx;def;odl;idl;hpj;bat;asm;asmx</Extensions>
    </Filter>
    <Filter Include="Header Files">
      <UniqueIdentifier>{93995380-89BD-4b04-88EB-625FBE52EBFB}</UniqueIdentifier>
      <Extensions>h;hh;hpp;hxx;hm;inl;inc;xsd</Extensions>
    </Filter>
    <Filter Include="Resource Files">
      <UniqueIdentifier>{67DA6AB6-F800-4c08-8B7A-83BB121AAD01}</UniqueIdentifier>
      <Extensions>rc;ico;cur;bmp;dlg;rc2;rct;bin;rgs;gif;jpg;jpeg;jpe;resx;tiff;tif;png;wav;mfcribbon-ms</Extensions>
    </Filter>
  </ItemGroup>
  <ItemGroup>
    <ClCompile Include="main.cpp">
      <Filter>Source Files</Filter>
    </ClCompile>
    <ClCompile Include="src\driver\window\window.cpp">
      <Filter>Source Files</Filter>
    </ClCompile>
    <ClCompile Include="src\math\vec2.cpp">
      <Filter>Source Files</Filter>
    </ClCompile>
    <ClCompile Include="src\math\vec3.cpp">
      <Filter>Source Files</Filter>
    </ClCompile>
    <ClCompile Include="src\math\vec4.cpp">
      <Filter>Source Files</Filter>
    </ClCompile>
    <ClCompile Include="src\math\mat4.cpp">
      <Filter>Source Files</Filter>
    </ClCompile>
    <ClCompile Include="src\driver\shader\Shader.cpp">
      <Filter>Source Files</Filter>
    </ClCompile>
    <ClCompile Include="src\driver\io\fileUtils.cpp">
      <Filter>Source Files</Filter>
    </ClCompile>
    <ClCompile Include="src\driver\buffer\buffer.cpp">
      <Filter>Source Files</Filter>
    </ClCompile>
    <ClCompile Include="src\driver\buffer\indexBuffer.cpp">
      <Filter>Source Files</Filter>
    </ClCompile>
    <ClCompile Include="src\driver\buffer\vertexArray.cpp">
      <Filter>Source Files</Filter>
    </ClCompile>
    <ClCompile Include="src\driver\buffer\frameBuffer.cpp">
      <Filter>Source Files</Filter>
    </ClCompile>
    <ClCompile Include="src\entity\gameObject.cpp">
      <Filter>Source Files</Filter>
    </ClCompile>
    <ClCompile Include="src\component\physics\transform.cpp">
      <Filter>Source Files</Filter>
    </ClCompile>
    <ClCompile Include="src\component\component.cpp">
      <Filter>Source Files</Filter>
    </ClCompile>
    <ClCompile Include="src\component\renderable\Renderable.cpp">
      <Filter>Source Files</Filter>
    </ClCompile>
    <ClCompile Include="src\driver\shader\material\material.cpp">
      <Filter>Source Files</Filter>
    </ClCompile>
    <ClCompile Include="src\driver\shader\uniform\uniformValue.cpp">
      <Filter>Source Files</Filter>
    </ClCompile>
    <ClCompile Include="src\driver\shader\uniform\uniform1i.cpp">
      <Filter>Source Files</Filter>
    </ClCompile>
    <ClCompile Include="src\driver\shader\uniform\uniform1f.cpp">
      <Filter>Source Files</Filter>
    </ClCompile>
    <ClCompile Include="src\driver\shader\uniform\uniform2f.cpp">
      <Filter>Source Files</Filter>
    </ClCompile>
    <ClCompile Include="src\driver\shader\uniform\uniform3f.cpp">
      <Filter>Source Files</Filter>
    </ClCompile>
    <ClCompile Include="src\driver\shader\uniform\uniform4f.cpp">
      <Filter>Source Files</Filter>
    </ClCompile>
    <ClCompile Include="src\driver\shader\uniform\uniformMat4.cpp">
      <Filter>Source Files</Filter>
    </ClCompile>
    <ClCompile Include="src\renderer\scene\scene.cpp">
      <Filter>Source Files</Filter>
    </ClCompile>
    <ClCompile Include="src\renderer\engine\renderer.cpp">
      <Filter>Source Files</Filter>
    </ClCompile>
    <ClCompile Include="src\driver\shader\texture\texture.cpp">
      <Filter>Source Files</Filter>
    </ClCompile>
    <ClCompile Include="src\driver\audio\audioSource.cpp">
      <Filter>Source Files</Filter>
    </ClCompile>
    <ClCompile Include="src\driver\camera\perspectiveCamera.cpp">
      <Filter>Source Files</Filter>
    </ClCompile>
    <ClCompile Include="src\entity\camera.cpp">
      <Filter>Source Files</Filter>
    </ClCompile>
    <ClCompile Include="src\component\control\freeMove.cpp">
      <Filter>Source Files</Filter>
    </ClCompile>
    <ClCompile Include="src\driver\loader\modelLoader.cpp">
      <Filter>Source Files</Filter>
    </ClCompile>
  </ItemGroup>
  <ItemGroup>
    <ClInclude Include="src\driver\window\window.h">
      <Filter>Header Files</Filter>
    </ClInclude>
    <ClInclude Include="src\math\vec2.h">
      <Filter>Header Files</Filter>
    </ClInclude>
    <ClInclude Include="src\math\vec3.h">
      <Filter>Header Files</Filter>
    </ClInclude>
    <ClInclude Include="src\math\vec4.h">
      <Filter>Header Files</Filter>
    </ClInclude>
    <ClInclude Include="src\math\mat4.h">
      <Filter>Header Files</Filter>
    </ClInclude>
    <ClInclude Include="src\math\maths.h">
      <Filter>Header Files</Filter>
    </ClInclude>
    <ClInclude Include="src\math\convert.h">
      <Filter>Header Files</Filter>
    </ClInclude>
    <ClInclude Include="src\driver\shader\Shader.h">
      <Filter>Header Files</Filter>
    </ClInclude>
    <ClInclude Include="src\driver\io\fileUtils.h">
      <Filter>Header Files</Filter>
    </ClInclude>
    <ClInclude Include="src\driver\buffer\buffer.h">
      <Filter>Header Files</Filter>
    </ClInclude>
    <ClInclude Include="src\driver\buffer\indexBuffer.h">
      <Filter>Header Files</Filter>
    </ClInclude>
    <ClInclude Include="src\driver\buffer\vertexArray.h">
      <Filter>Header Files</Filter>
    </ClInclude>
    <ClInclude Include="src\driver\buffer\frameBuffer.h">
      <Filter>Header Files</Filter>
    </ClInclude>
    <ClInclude Include="src\entity\gameObject.h">
      <Filter>Header Files</Filter>
    </ClInclude>
    <ClInclude Include="src\component\physics\transform.h">
      <Filter>Header Files</Filter>
    </ClInclude>
    <ClInclude Include="src\component\component.h">
      <Filter>Header Files</Filter>
    </ClInclude>
    <ClInclude Include="src\component\renderable\Renderable.h">
      <Filter>Header Files</Filter>
    </ClInclude>
    <ClInclude Include="src\driver\shader\material\material.h">
      <Filter>Header Files</Filter>
    </ClInclude>
    <ClInclude Include="src\driver\shader\uniform\uniformValue.h">
      <Filter>Header Files</Filter>
    </ClInclude>
    <ClInclude Include="src\driver\shader\uniform\uniform1i.h">
      <Filter>Header Files</Filter>
    </ClInclude>
    <ClInclude Include="src\driver\shader\uniform\uniform1f.h">
      <Filter>Header Files</Filter>
    </ClInclude>
    <ClInclude Include="src\driver\shader\uniform\uniform2f.h">
      <Filter>Header Files</Filter>
    </ClInclude>
    <ClInclude Include="src\driver\shader\uniform\uniform3f.h">
      <Filter>Header Files</Filter>
    </ClInclude>
    <ClInclude Include="src\driver\shader\uniform\uniform4f.h">
      <Filter>Header Files</Filter>
    </ClInclude>
    <ClInclude Include="src\driver\shader\uniform\uniformMat4.h">
      <Filter>Header Files</Filter>
    </ClInclude>
    <ClInclude Include="src\renderer\scene\scene.h">
      <Filter>Header Files</Filter>
    </ClInclude>
    <ClInclude Include="src\renderer\engine\renderer.h">
      <Filter>Header Files</Filter>
    </ClInclude>
    <ClInclude Include="src\driver\shader\texture\texture.h">
      <Filter>Header Files</Filter>
    </ClInclude>
    <ClInclude Include="src\driver\audio\audioSource.h">
      <Filter>Header Files</Filter>
    </ClInclude>
    <ClInclude Include="src\driver\camera\perspectiveCamera.h">
      <Filter>Header Files</Filter>
    </ClInclude>
    <ClInclude Include="src\entity\camera.h">
      <Filter>Header Files</Filter>
    </ClInclude>
    <ClInclude Include="src\component\control\freeMove.h">
      <Filter>Header Files</Filter>
    </ClInclude>
    <ClInclude Include="src\driver\loader\modelLoader.h">
      <Filter>Header Files</Filter>
    </ClInclude>
  </ItemGroup>
  <ItemGroup>
    <None Include="shaders\basic.vert" />
    <None Include="shaders\basic.frag" />
  </ItemGroup>
</Project>